
Microsoft Visual Studio Solution File, Format Version 12.00
# Visual Studio Version 16
VisualStudioVersion = 16.0.34601.136
MinimumVisualStudioVersion = 10.0.40219.1
Project("{FAE04EC0-301F-11D3-BF4B-00C04F79EFBC}") = "Practica.API", "Practica.API\Practica.API.csproj", "{01308477-1DD5-4CAB-BE57-DCB111B1F47F}"
EndProject
Project("{FAE04EC0-301F-11D3-BF4B-00C04F79EFBC}") = "Practica.Common", "Practica.Common\Practica.Common.csproj", "{8254B6DD-EB21-4F27-A5C7-38D89B11E0B5}"
EndProject
Project("{FAE04EC0-301F-11D3-BF4B-00C04F79EFBC}") = "Practica.BussinesLogic", "Practica.BussinesLogic\Practica.BussinesLogic.csproj", "{B0B0F40B-C35F-4392-9EFD-99BA5F1D3ABE}"
EndProject
Project("{FAE04EC0-301F-11D3-BF4B-00C04F79EFBC}") = "Practica.Entities", "Practica.Entities\Practica.Entities.csproj", "{208E0457-F43E-4425-A2FB-B772BD37D7A7}"
EndProject
Project("{FAE04EC0-301F-11D3-BF4B-00C04F79EFBC}") = "Practica.DataAcces", "Practica.DataAcces\Practica.DataAcces.csproj", "{B8339B0D-07BA-41A2-A468-538BB615AD57}"
EndProject
Global
	GlobalSection(SolutionConfigurationPlatforms) = preSolution
		Debug|Any CPU = Debug|Any CPU
		Release|Any CPU = Release|Any CPU
	EndGlobalSection
	GlobalSection(ProjectConfigurationPlatforms) = postSolution
		{01308477-1DD5-4CAB-BE57-DCB111B1F47F}.Debug|Any CPU.ActiveCfg = Debug|Any CPU
		{01308477-1DD5-4CAB-BE57-DCB111B1F47F}.Debug|Any CPU.Build.0 = Debug|Any CPU
		{01308477-1DD5-4CAB-BE57-DCB111B1F47F}.Release|Any CPU.ActiveCfg = Release|Any CPU
		{01308477-1DD5-4CAB-BE57-DCB111B1F47F}.Release|Any CPU.Build.0 = Release|Any CPU
		{8254B6DD-EB21-4F27-A5C7-38D89B11E0B5}.Debug|Any CPU.ActiveCfg = Debug|Any CPU
		{8254B6DD-EB21-4F27-A5C7-38D89B11E0B5}.Debug|Any CPU.Build.0 = Debug|Any CPU
		{8254B6DD-EB21-4F27-A5C7-38D89B11E0B5}.Release|Any CPU.ActiveCfg = Release|Any CPU
		{8254B6DD-EB21-4F27-A5C7-38D89B11E0B5}.Release|Any CPU.Build.0 = Release|Any CPU
		{B0B0F40B-C35F-4392-9EFD-99BA5F1D3ABE}.Debug|Any CPU.ActiveCfg = Debug|Any CPU
		{B0B0F40B-C35F-4392-9EFD-99BA5F1D3ABE}.Debug|Any CPU.Build.0 = Debug|Any CPU
		{B0B0F40B-C35F-4392-9EFD-99BA5F1D3ABE}.Release|Any CPU.ActiveCfg = Release|Any CPU
		{B0B0F40B-C35F-4392-9EFD-99BA5F1D3ABE}.Release|Any CPU.Build.0 = Release|Any CPU
		{208E0457-F43E-4425-A2FB-B772BD37D7A7}.Debug|Any CPU.ActiveCfg = Debug|Any CPU
		{208E0457-F43E-4425-A2FB-B772BD37D7A7}.Debug|Any CPU.Build.0 = Debug|Any CPU
		{208E0457-F43E-4425-A2FB-B772BD37D7A7}.Release|Any CPU.ActiveCfg = Release|Any CPU
		{208E0457-F43E-4425-A2FB-B772BD37D7A7}.Release|Any CPU.Build.0 = Release|Any CPU
		{B8339B0D-07BA-41A2-A468-538BB615AD57}.Debug|Any CPU.ActiveCfg = Debug|Any CPU
		{B8339B0D-07BA-41A2-A468-538BB615AD57}.Debug|Any CPU.Build.0 = Debug|Any CPU
		{B8339B0D-07BA-41A2-A468-538BB615AD57}.Release|Any CPU.ActiveCfg = Release|Any CPU
		{B8339B0D-07BA-41A2-A468-538BB615AD57}.Release|Any CPU.Build.0 = Release|Any CPU
	EndGlobalSection
	GlobalSection(SolutionProperties) = preSolution
		HideSolutionNode = FALSE
	EndGlobalSection
	GlobalSection(ExtensibilityGlobals) = postSolution
		SolutionGuid = {2127A160-BEFD-4345-BB17-5054AF463CDD}
	EndGlobalSection
EndGlobal
